
Microsoft Visual Studio Solution File, Format Version 12.00
# Visual Studio Version 16
VisualStudioVersion = 16.0.30114.105
MinimumVisualStudioVersion = 10.0.40219.1
Project("{8BC9CEB8-8B4A-11D0-8D11-00A0C91BC942}") = "Executable", "Executable\Executable.vcxproj", "{4566BE60-0670-463A-90CA-931BDE1B54EC}"
EndProject
Project("{8BC9CEB8-8B4A-11D0-8D11-00A0C91BC942}") = "PasswdHook", "PasswdHook\PasswdHook.vcxproj", "{3E97EBB9-D769-4C4F-8129-F9FE661C8C48}"
EndProject
Global
	GlobalSection(SolutionConfigurationPlatforms) = preSolution
		Debug|x64 = Debug|x64
		Debug|x86 = Debug|x86
		Release|x64 = Release|x64
		Release|x86 = Release|x86
	EndGlobalSection
	GlobalSection(ProjectConfigurationPlatforms) = postSolution
		{4566BE60-0670-463A-90CA-931BDE1B54EC}.Debug|x64.ActiveCfg = Debug|x64
		{4566BE60-0670-463A-90CA-931BDE1B54EC}.Debug|x64.Build.0 = Debug|x64
		{4566BE60-0670-463A-90CA-931BDE1B54EC}.Debug|x86.ActiveCfg = Debug|Win32
		{4566BE60-0670-463A-90CA-931BDE1B54EC}.Debug|x86.Build.0 = Debug|Win32
		{4566BE60-0670-463A-90CA-931BDE1B54EC}.Release|x64.ActiveCfg = Release|x64
		{4566BE60-0670-463A-90CA-931BDE1B54EC}.Release|x64.Build.0 = Release|x64
		{4566BE60-0670-463A-90CA-931BDE1B54EC}.Release|x86.ActiveCfg = Release|Win32
		{4566BE60-0670-463A-90CA-931BDE1B54EC}.Release|x86.Build.0 = Release|Win32
		{3E97EBB9-D769-4C4F-8129-F9FE661C8C48}.Debug|x64.ActiveCfg = Debug|x64
		{3E97EBB9-D769-4C4F-8129-F9FE661C8C48}.Debug|x64.Build.0 = Debug|x64
		{3E97EBB9-D769-4C4F-8129-F9FE661C8C48}.Debug|x86.ActiveCfg = Debug|Win32
		{3E97EBB9-D769-4C4F-8129-F9FE661C8C48}.Debug|x86.Build.0 = Debug|Win32
		{3E97EBB9-D769-4C4F-8129-F9FE661C8C48}.Release|x64.ActiveCfg = Release|x64
		{3E97EBB9-D769-4C4F-8129-F9FE661C8C48}.Release|x64.Build.0 = Release|x64
		{3E97EBB9-D769-4C4F-8129-F9FE661C8C48}.Release|x86.ActiveCfg = Release|Win32
		{3E97EBB9-D769-4C4F-8129-F9FE661C8C48}.Release|x86.Build.0 = Release|Win32
	EndGlobalSection
	GlobalSection(SolutionProperties) = preSolution
		HideSolutionNode = FALSE
	EndGlobalSection
	GlobalSection(ExtensibilityGlobals) = postSolution
		SolutionGuid = {A4BE3A8D-0571-4730-A796-5DE8E15CD643}
	EndGlobalSection
EndGlobal
